
Microsoft Visual Studio Solution File, Format Version 12.00
# Visual Studio Version 16
VisualStudioVersion = 16.0.29418.71
MinimumVisualStudioVersion = 10.0.40219.1
Project("{FAE04EC0-301F-11D3-BF4B-00C04F79EFBC}") = "SalesWebMvc22", "SalesWebMvc22.csproj", "{C40CB41A-F4E3-4464-B1AE-4AAD1B14F104}"
EndProject
Global
	GlobalSection(SolutionConfigurationPlatforms) = preSolution
		Debug|Any CPU = Debug|Any CPU
		Release|Any CPU = Release|Any CPU
	EndGlobalSection
	GlobalSection(ProjectConfigurationPlatforms) = postSolution
		{C40CB41A-F4E3-4464-B1AE-4AAD1B14F104}.Debug|Any CPU.ActiveCfg = Debug|Any CPU
		{C40CB41A-F4E3-4464-B1AE-4AAD1B14F104}.Debug|Any CPU.Build.0 = Debug|Any CPU
		{C40CB41A-F4E3-4464-B1AE-4AAD1B14F104}.Release|Any CPU.ActiveCfg = Release|Any CPU
		{C40CB41A-F4E3-4464-B1AE-4AAD1B14F104}.Release|Any CPU.Build.0 = Release|Any CPU
	EndGlobalSection
	GlobalSection(SolutionProperties) = preSolution
		HideSolutionNode = FALSE
	EndGlobalSection
	GlobalSection(ExtensibilityGlobals) = postSolution
		SolutionGuid = {B751B2B5-167A-4DCB-8E5D-51E6B5670B1E}
	EndGlobalSection
EndGlobal
